// !$*UTF8*$!
{
	archiveVersion = 1;
	classes = {
	};
	objectVersion = 56;
	objects = {

/* Begin PBXBuildFile section */
		4308B7402BC4716F00C0CF60 /* GFItemInfoView.swift in Sources */ = {isa = PBXBuildFile; fileRef = 4308B73F2BC4716F00C0CF60 /* GFItemInfoView.swift */; };
		4316C3E22BE6B075005BB107 /* GFItemInfoViewController.swift in Sources */ = {isa = PBXBuildFile; fileRef = 4316C3E12BE6B075005BB107 /* GFItemInfoViewController.swift */; };
		4316C3E42BE6B9F5005BB107 /* GFRepoItemViewController.swift in Sources */ = {isa = PBXBuildFile; fileRef = 4316C3E32BE6B9F5005BB107 /* GFRepoItemViewController.swift */; };
		4317156A2B78A42400DC72A8 /* FollowerListViewController.swift in Sources */ = {isa = PBXBuildFile; fileRef = 431715692B78A42400DC72A8 /* FollowerListViewController.swift */; };
		434BB2D12B6FD47300D11D89 /* AppDelegate.swift in Sources */ = {isa = PBXBuildFile; fileRef = 434BB2D02B6FD47300D11D89 /* AppDelegate.swift */; };
		434BB2D32B6FD47300D11D89 /* SceneDelegate.swift in Sources */ = {isa = PBXBuildFile; fileRef = 434BB2D22B6FD47300D11D89 /* SceneDelegate.swift */; };
		434BB2DA2B6FD47500D11D89 /* Assets.xcassets in Resources */ = {isa = PBXBuildFile; fileRef = 434BB2D92B6FD47500D11D89 /* Assets.xcassets */; };
		434BB2DD2B6FD47500D11D89 /* LaunchScreen.storyboard in Resources */ = {isa = PBXBuildFile; fileRef = 434BB2DB2B6FD47500D11D89 /* LaunchScreen.storyboard */; };
		434BB2E62B6FDAD700D11D89 /* SearchViewController.swift in Sources */ = {isa = PBXBuildFile; fileRef = 434BB2E52B6FDAD700D11D89 /* SearchViewController.swift */; };
		434BB2E82B6FDB2500D11D89 /* FavoritesListViewController.swift in Sources */ = {isa = PBXBuildFile; fileRef = 434BB2E72B6FDB2500D11D89 /* FavoritesListViewController.swift */; };
		434BB2EA2B7010BF00D11D89 /* GFButton.swift in Sources */ = {isa = PBXBuildFile; fileRef = 434BB2E92B7010BF00D11D89 /* GFButton.swift */; };
		436D6D322B73631200199F40 /* GFTextField.swift in Sources */ = {isa = PBXBuildFile; fileRef = 436D6D312B73631200199F40 /* GFTextField.swift */; };
		436EFD7C2BEAB6C700BF5A4F /* StringExtension.swift in Sources */ = {isa = PBXBuildFile; fileRef = 436EFD7B2BEAB6C700BF5A4F /* StringExtension.swift */; };
		436EFD7F2BEAB6E800BF5A4F /* DateExtension.swift in Sources */ = {isa = PBXBuildFile; fileRef = 436EFD7E2BEAB6E800BF5A4F /* DateExtension.swift */; };
		438CA6A22B8134DA00A49B0B /* FollowerCell.swift in Sources */ = {isa = PBXBuildFile; fileRef = 438CA6A12B8134D900A49B0B /* FollowerCell.swift */; };
		438CA6A42B8135A600A49B0B /* GFAvatarImageView.swift in Sources */ = {isa = PBXBuildFile; fileRef = 438CA6A32B8135A600A49B0B /* GFAvatarImageView.swift */; };
		4398CF572BE7643A00B3BF80 /* GFFollowerItemViewController.swift in Sources */ = {isa = PBXBuildFile; fileRef = 4398CF562BE7643A00B3BF80 /* GFFollowerItemViewController.swift */; };
		43C3222E2BECAF7B001C26BF /* Shortcuts.rtf in Resources */ = {isa = PBXBuildFile; fileRef = 43C3222D2BECAF7B001C26BF /* Shortcuts.rtf */; };
		43C762212B808D190099814B /* GFTitleLabel.swift in Sources */ = {isa = PBXBuildFile; fileRef = 43C762202B808D190099814B /* GFTitleLabel.swift */; };
		43C762232B808F620099814B /* GFBodyLabel.swift in Sources */ = {isa = PBXBuildFile; fileRef = 43C762222B808F620099814B /* GFBodyLabel.swift */; };
		43C762252B8090230099814B /* GFAlertViewController.swift in Sources */ = {isa = PBXBuildFile; fileRef = 43C762242B8090230099814B /* GFAlertViewController.swift */; };
		43C762272B80B4550099814B /* UIViewControllerExtension.swift in Sources */ = {isa = PBXBuildFile; fileRef = 43C762262B80B4550099814B /* UIViewControllerExtension.swift */; };
		43C7622D2B80C0440099814B /* FollowerData.swift in Sources */ = {isa = PBXBuildFile; fileRef = 43C7622C2B80C0440099814B /* FollowerData.swift */; };
		43C762302B80C1390099814B /* UserData.swift in Sources */ = {isa = PBXBuildFile; fileRef = 43C7622F2B80C1390099814B /* UserData.swift */; };
		43C96F3C2B94746B009282EA /* GFSecondaryTitleLabel.swift in Sources */ = {isa = PBXBuildFile; fileRef = 43C96F3B2B94746B009282EA /* GFSecondaryTitleLabel.swift */; };
		43C96F3E2B94756C009282EA /* GFUserInfoHeaderViewController.swift in Sources */ = {isa = PBXBuildFile; fileRef = 43C96F3D2B94756C009282EA /* GFUserInfoHeaderViewController.swift */; };
		43C96F412B9490B9009282EA /* Contstants.swift in Sources */ = {isa = PBXBuildFile; fileRef = 43C96F402B9490B9009282EA /* Contstants.swift */; };
		43CB5EEC2BF0E2DC001ABEED /* PersistenceManager.swift in Sources */ = {isa = PBXBuildFile; fileRef = 43CB5EEB2BF0E2DC001ABEED /* PersistenceManager.swift */; };
		43D7D2FA2B80E3E3001120D6 /* GFError.swift in Sources */ = {isa = PBXBuildFile; fileRef = 43D7D2F92B80E3E3001120D6 /* GFError.swift */; };
		43D7D3022B80E613001120D6 /* NetworkManager.swift in Sources */ = {isa = PBXBuildFile; fileRef = 43D7D3012B80E613001120D6 /* NetworkManager.swift */; };
		43DDEF092B8B337000D1DD4D /* GFEmptyStateView.swift in Sources */ = {isa = PBXBuildFile; fileRef = 43DDEF082B8B337000D1DD4D /* GFEmptyStateView.swift */; };
		43DDEF0B2B8B867800D1DD4D /* UserInfoViewController.swift in Sources */ = {isa = PBXBuildFile; fileRef = 43DDEF0A2B8B867800D1DD4D /* UserInfoViewController.swift */; };
/* End PBXBuildFile section */

/* Begin PBXFileReference section */
		4308B73F2BC4716F00C0CF60 /* GFItemInfoView.swift */ = {isa = PBXFileReference; lastKnownFileType = sourcecode.swift; path = GFItemInfoView.swift; sourceTree = "<group>"; };
		4316C3E12BE6B075005BB107 /* GFItemInfoViewController.swift */ = {isa = PBXFileReference; lastKnownFileType = sourcecode.swift; path = GFItemInfoViewController.swift; sourceTree = "<group>"; };
		4316C3E32BE6B9F5005BB107 /* GFRepoItemViewController.swift */ = {isa = PBXFileReference; lastKnownFileType = sourcecode.swift; path = GFRepoItemViewController.swift; sourceTree = "<group>"; };
		431715692B78A42400DC72A8 /* FollowerListViewController.swift */ = {isa = PBXFileReference; lastKnownFileType = sourcecode.swift; path = FollowerListViewController.swift; sourceTree = "<group>"; };
		434BB2CD2B6FD47300D11D89 /* GithubFollowers.app */ = {isa = PBXFileReference; explicitFileType = wrapper.application; includeInIndex = 0; path = GithubFollowers.app; sourceTree = BUILT_PRODUCTS_DIR; };
		434BB2D02B6FD47300D11D89 /* AppDelegate.swift */ = {isa = PBXFileReference; lastKnownFileType = sourcecode.swift; path = AppDelegate.swift; sourceTree = "<group>"; };
		434BB2D22B6FD47300D11D89 /* SceneDelegate.swift */ = {isa = PBXFileReference; lastKnownFileType = sourcecode.swift; path = SceneDelegate.swift; sourceTree = "<group>"; };
		434BB2D92B6FD47500D11D89 /* Assets.xcassets */ = {isa = PBXFileReference; lastKnownFileType = folder.assetcatalog; path = Assets.xcassets; sourceTree = "<group>"; };
		434BB2DC2B6FD47500D11D89 /* Base */ = {isa = PBXFileReference; lastKnownFileType = file.storyboard; name = Base; path = Base.lproj/LaunchScreen.storyboard; sourceTree = "<group>"; };
		434BB2DE2B6FD47500D11D89 /* Info.plist */ = {isa = PBXFileReference; lastKnownFileType = text.plist.xml; path = Info.plist; sourceTree = "<group>"; };
		434BB2E52B6FDAD700D11D89 /* SearchViewController.swift */ = {isa = PBXFileReference; lastKnownFileType = sourcecode.swift; path = SearchViewController.swift; sourceTree = "<group>"; };
		434BB2E72B6FDB2500D11D89 /* FavoritesListViewController.swift */ = {isa = PBXFileReference; lastKnownFileType = sourcecode.swift; path = FavoritesListViewController.swift; sourceTree = "<group>"; };
		434BB2E92B7010BF00D11D89 /* GFButton.swift */ = {isa = PBXFileReference; lastKnownFileType = sourcecode.swift; path = GFButton.swift; sourceTree = "<group>"; };
		436D6D312B73631200199F40 /* GFTextField.swift */ = {isa = PBXFileReference; lastKnownFileType = sourcecode.swift; path = GFTextField.swift; sourceTree = "<group>"; };
		436EFD7B2BEAB6C700BF5A4F /* StringExtension.swift */ = {isa = PBXFileReference; lastKnownFileType = sourcecode.swift; path = StringExtension.swift; sourceTree = "<group>"; };
		436EFD7E2BEAB6E800BF5A4F /* DateExtension.swift */ = {isa = PBXFileReference; lastKnownFileType = sourcecode.swift; path = DateExtension.swift; sourceTree = "<group>"; };
		438CA6A12B8134D900A49B0B /* FollowerCell.swift */ = {isa = PBXFileReference; lastKnownFileType = sourcecode.swift; path = FollowerCell.swift; sourceTree = "<group>"; };
		438CA6A32B8135A600A49B0B /* GFAvatarImageView.swift */ = {isa = PBXFileReference; lastKnownFileType = sourcecode.swift; path = GFAvatarImageView.swift; sourceTree = "<group>"; };
		4398CF562BE7643A00B3BF80 /* GFFollowerItemViewController.swift */ = {isa = PBXFileReference; lastKnownFileType = sourcecode.swift; path = GFFollowerItemViewController.swift; sourceTree = "<group>"; };
		43C3222D2BECAF7B001C26BF /* Shortcuts.rtf */ = {isa = PBXFileReference; lastKnownFileType = text.rtf; path = Shortcuts.rtf; sourceTree = "<group>"; };
		43C762202B808D190099814B /* GFTitleLabel.swift */ = {isa = PBXFileReference; lastKnownFileType = sourcecode.swift; path = GFTitleLabel.swift; sourceTree = "<group>"; };
		43C762222B808F620099814B /* GFBodyLabel.swift */ = {isa = PBXFileReference; lastKnownFileType = sourcecode.swift; path = GFBodyLabel.swift; sourceTree = "<group>"; };
		43C762242B8090230099814B /* GFAlertViewController.swift */ = {isa = PBXFileReference; lastKnownFileType = sourcecode.swift; path = GFAlertViewController.swift; sourceTree = "<group>"; };
		43C762262B80B4550099814B /* UIViewControllerExtension.swift */ = {isa = PBXFileReference; lastKnownFileType = sourcecode.swift; path = UIViewControllerExtension.swift; sourceTree = "<group>"; };
		43C7622C2B80C0440099814B /* FollowerData.swift */ = {isa = PBXFileReference; lastKnownFileType = sourcecode.swift; path = FollowerData.swift; sourceTree = "<group>"; };
		43C7622F2B80C1390099814B /* UserData.swift */ = {isa = PBXFileReference; lastKnownFileType = sourcecode.swift; path = UserData.swift; sourceTree = "<group>"; };
		43C96F3B2B94746B009282EA /* GFSecondaryTitleLabel.swift */ = {isa = PBXFileReference; lastKnownFileType = sourcecode.swift; path = GFSecondaryTitleLabel.swift; sourceTree = "<group>"; };
		43C96F3D2B94756C009282EA /* GFUserInfoHeaderViewController.swift */ = {isa = PBXFileReference; lastKnownFileType = sourcecode.swift; path = GFUserInfoHeaderViewController.swift; sourceTree = "<group>"; };
		43C96F402B9490B9009282EA /* Contstants.swift */ = {isa = PBXFileReference; lastKnownFileType = sourcecode.swift; path = Contstants.swift; sourceTree = "<group>"; };
		43CB5EEB2BF0E2DC001ABEED /* PersistenceManager.swift */ = {isa = PBXFileReference; lastKnownFileType = sourcecode.swift; path = PersistenceManager.swift; sourceTree = "<group>"; };
		43D7D2F92B80E3E3001120D6 /* GFError.swift */ = {isa = PBXFileReference; lastKnownFileType = sourcecode.swift; path = GFError.swift; sourceTree = "<group>"; };
		43D7D3012B80E613001120D6 /* NetworkManager.swift */ = {isa = PBXFileReference; lastKnownFileType = sourcecode.swift; path = NetworkManager.swift; sourceTree = "<group>"; };
		43DDEF082B8B337000D1DD4D /* GFEmptyStateView.swift */ = {isa = PBXFileReference; lastKnownFileType = sourcecode.swift; path = GFEmptyStateView.swift; sourceTree = "<group>"; };
		43DDEF0A2B8B867800D1DD4D /* UserInfoViewController.swift */ = {isa = PBXFileReference; lastKnownFileType = sourcecode.swift; path = UserInfoViewController.swift; sourceTree = "<group>"; };
/* End PBXFileReference section */

/* Begin PBXFrameworksBuildPhase section */
		434BB2CA2B6FD47300D11D89 /* Frameworks */ = {
			isa = PBXFrameworksBuildPhase;
			buildActionMask = 2147483647;
			files = (
			);
			runOnlyForDeploymentPostprocessing = 0;
		};
/* End PBXFrameworksBuildPhase section */

/* Begin PBXGroup section */
		434BB2C42B6FD47300D11D89 = {
			isa = PBXGroup;
			children = (
				434BB2CF2B6FD47300D11D89 /* GithubFollowers */,
				434BB2CE2B6FD47300D11D89 /* Products */,
			);
			sourceTree = "<group>";
		};
		434BB2CE2B6FD47300D11D89 /* Products */ = {
			isa = PBXGroup;
			children = (
				434BB2CD2B6FD47300D11D89 /* GithubFollowers.app */,
			);
			name = Products;
			sourceTree = "<group>";
		};
		434BB2CF2B6FD47300D11D89 /* GithubFollowers */ = {
			isa = PBXGroup;
			children = (
				43C3222D2BECAF7B001C26BF /* Shortcuts.rtf */,
				43C96F3F2B948A56009282EA /* Utilities */,
				43D7D2F82B80E1D0001120D6 /* Managers */,
				43C7622B2B80C0310099814B /* Model */,
				43C7622A2B80BC750099814B /* Extensions */,
				43C762292B80BC570099814B /* Custom Views */,
				43C762282B80BC450099814B /* Controllers */,
				434BB2D02B6FD47300D11D89 /* AppDelegate.swift */,
				434BB2D22B6FD47300D11D89 /* SceneDelegate.swift */,
				434BB2D92B6FD47500D11D89 /* Assets.xcassets */,
				434BB2DB2B6FD47500D11D89 /* LaunchScreen.storyboard */,
				434BB2DE2B6FD47500D11D89 /* Info.plist */,
			);
			path = GithubFollowers;
			sourceTree = "<group>";
		};
		438CA6A02B8134BC00A49B0B /* Cells */ = {
			isa = PBXGroup;
			children = (
				438CA6A12B8134D900A49B0B /* FollowerCell.swift */,
			);
			path = Cells;
			sourceTree = "<group>";
		};
		4398CF582BE7647B00B3BF80 /* ViewControllers */ = {
			isa = PBXGroup;
			children = (
				43C762242B8090230099814B /* GFAlertViewController.swift */,
				4316C3E12BE6B075005BB107 /* GFItemInfoViewController.swift */,
				4316C3E32BE6B9F5005BB107 /* GFRepoItemViewController.swift */,
				4398CF562BE7643A00B3BF80 /* GFFollowerItemViewController.swift */,
			);
			path = ViewControllers;
			sourceTree = "<group>";
		};
		43C762282B80BC450099814B /* Controllers */ = {
			isa = PBXGroup;
			children = (
				434BB2E52B6FDAD700D11D89 /* SearchViewController.swift */,
				431715692B78A42400DC72A8 /* FollowerListViewController.swift */,
				434BB2E72B6FDB2500D11D89 /* FavoritesListViewController.swift */,
				43DDEF0A2B8B867800D1DD4D /* UserInfoViewController.swift */,
				43C96F3D2B94756C009282EA /* GFUserInfoHeaderViewController.swift */,
			);
			path = Controllers;
			sourceTree = "<group>";
		};
		43C762292B80BC570099814B /* Custom Views */ = {
			isa = PBXGroup;
			children = (
				4398CF582BE7647B00B3BF80 /* ViewControllers */,
				438CA6A02B8134BC00A49B0B /* Cells */,
				434BB2E92B7010BF00D11D89 /* GFButton.swift */,
				436D6D312B73631200199F40 /* GFTextField.swift */,
				43C762202B808D190099814B /* GFTitleLabel.swift */,
				43C96F3B2B94746B009282EA /* GFSecondaryTitleLabel.swift */,
				43C762222B808F620099814B /* GFBodyLabel.swift */,
				438CA6A32B8135A600A49B0B /* GFAvatarImageView.swift */,
				43DDEF082B8B337000D1DD4D /* GFEmptyStateView.swift */,
				4308B73F2BC4716F00C0CF60 /* GFItemInfoView.swift */,
			);
			path = "Custom Views";
			sourceTree = "<group>";
		};
		43C7622A2B80BC750099814B /* Extensions */ = {
			isa = PBXGroup;
			children = (
				43C762262B80B4550099814B /* UIViewControllerExtension.swift */,
				436EFD7B2BEAB6C700BF5A4F /* StringExtension.swift */,
				436EFD7E2BEAB6E800BF5A4F /* DateExtension.swift */,
			);
			path = Extensions;
			sourceTree = "<group>";
		};
		43C7622B2B80C0310099814B /* Model */ = {
			isa = PBXGroup;
			children = (
				43C7622C2B80C0440099814B /* FollowerData.swift */,
				43C7622F2B80C1390099814B /* UserData.swift */,
			);
			path = Model;
			sourceTree = "<group>";
		};
		43C96F3F2B948A56009282EA /* Utilities */ = {
			isa = PBXGroup;
			children = (
				43D7D2F92B80E3E3001120D6 /* GFError.swift */,
				43C96F402B9490B9009282EA /* Contstants.swift */,
			);
			path = Utilities;
			sourceTree = "<group>";
		};
		43D7D2F82B80E1D0001120D6 /* Managers */ = {
			isa = PBXGroup;
			children = (
				43D7D3012B80E613001120D6 /* NetworkManager.swift */,
				43CB5EEB2BF0E2DC001ABEED /* PersistenceManager.swift */,
			);
			path = Managers;
			sourceTree = "<group>";
		};
/* End PBXGroup section */

/* Begin PBXNativeTarget section */
		434BB2CC2B6FD47300D11D89 /* GithubFollowers */ = {
			isa = PBXNativeTarget;
			buildConfigurationList = 434BB2E12B6FD47500D11D89 /* Build configuration list for PBXNativeTarget "GithubFollowers" */;
			buildPhases = (
				434BB2C92B6FD47300D11D89 /* Sources */,
				434BB2CA2B6FD47300D11D89 /* Frameworks */,
				434BB2CB2B6FD47300D11D89 /* Resources */,
			);
			buildRules = (
			);
			dependencies = (
			);
			name = GithubFollowers;
			productName = GithubFollowers;
			productReference = 434BB2CD2B6FD47300D11D89 /* GithubFollowers.app */;
			productType = "com.apple.product-type.application";
		};
/* End PBXNativeTarget section */

/* Begin PBXProject section */
		434BB2C52B6FD47300D11D89 /* Project object */ = {
			isa = PBXProject;
			attributes = {
				BuildIndependentTargetsInParallel = 1;
				LastSwiftUpdateCheck = 1520;
				LastUpgradeCheck = 1520;
				TargetAttributes = {
					434BB2CC2B6FD47300D11D89 = {
						CreatedOnToolsVersion = 15.2;
					};
				};
			};
			buildConfigurationList = 434BB2C82B6FD47300D11D89 /* Build configuration list for PBXProject "GithubFollowers" */;
			compatibilityVersion = "Xcode 14.0";
			developmentRegion = en;
			hasScannedForEncodings = 0;
			knownRegions = (
				en,
				Base,
			);
			mainGroup = 434BB2C42B6FD47300D11D89;
			productRefGroup = 434BB2CE2B6FD47300D11D89 /* Products */;
			projectDirPath = "";
			projectRoot = "";
			targets = (
				434BB2CC2B6FD47300D11D89 /* GithubFollowers */,
			);
		};
/* End PBXProject section */

/* Begin PBXResourcesBuildPhase section */
		434BB2CB2B6FD47300D11D89 /* Resources */ = {
			isa = PBXResourcesBuildPhase;
			buildActionMask = 2147483647;
			files = (
				434BB2DD2B6FD47500D11D89 /* LaunchScreen.storyboard in Resources */,
				434BB2DA2B6FD47500D11D89 /* Assets.xcassets in Resources */,
				43C3222E2BECAF7B001C26BF /* Shortcuts.rtf in Resources */,
			);
			runOnlyForDeploymentPostprocessing = 0;
		};
/* End PBXResourcesBuildPhase section */

/* Begin PBXSourcesBuildPhase section */
		434BB2C92B6FD47300D11D89 /* Sources */ = {
			isa = PBXSourcesBuildPhase;
			buildActionMask = 2147483647;
			files = (
				4316C3E22BE6B075005BB107 /* GFItemInfoViewController.swift in Sources */,
				436EFD7F2BEAB6E800BF5A4F /* DateExtension.swift in Sources */,
				4317156A2B78A42400DC72A8 /* FollowerListViewController.swift in Sources */,
				434BB2E82B6FDB2500D11D89 /* FavoritesListViewController.swift in Sources */,
				4308B7402BC4716F00C0CF60 /* GFItemInfoView.swift in Sources */,
				43C762302B80C1390099814B /* UserData.swift in Sources */,
				436EFD7C2BEAB6C700BF5A4F /* StringExtension.swift in Sources */,
				43D7D3022B80E613001120D6 /* NetworkManager.swift in Sources */,
				4398CF572BE7643A00B3BF80 /* GFFollowerItemViewController.swift in Sources */,
				43C7622D2B80C0440099814B /* FollowerData.swift in Sources */,
				434BB2EA2B7010BF00D11D89 /* GFButton.swift in Sources */,
				438CA6A22B8134DA00A49B0B /* FollowerCell.swift in Sources */,
				438CA6A42B8135A600A49B0B /* GFAvatarImageView.swift in Sources */,
				43C96F3E2B94756C009282EA /* GFUserInfoHeaderViewController.swift in Sources */,
				434BB2D12B6FD47300D11D89 /* AppDelegate.swift in Sources */,
				43C96F3C2B94746B009282EA /* GFSecondaryTitleLabel.swift in Sources */,
				43DDEF092B8B337000D1DD4D /* GFEmptyStateView.swift in Sources */,
				43C762252B8090230099814B /* GFAlertViewController.swift in Sources */,
				434BB2E62B6FDAD700D11D89 /* SearchViewController.swift in Sources */,
				43C762212B808D190099814B /* GFTitleLabel.swift in Sources */,
				4316C3E42BE6B9F5005BB107 /* GFRepoItemViewController.swift in Sources */,
				43C762272B80B4550099814B /* UIViewControllerExtension.swift in Sources */,
				43CB5EEC2BF0E2DC001ABEED /* PersistenceManager.swift in Sources */,
				434BB2D32B6FD47300D11D89 /* SceneDelegate.swift in Sources */,
				436D6D322B73631200199F40 /* GFTextField.swift in Sources */,
				43C762232B808F620099814B /* GFBodyLabel.swift in Sources */,
				43D7D2FA2B80E3E3001120D6 /* GFError.swift in Sources */,
				43C96F412B9490B9009282EA /* Contstants.swift in Sources */,
				43DDEF0B2B8B867800D1DD4D /* UserInfoViewController.swift in Sources */,
			);
			runOnlyForDeploymentPostprocessing = 0;
		};
/* End PBXSourcesBuildPhase section */

/* Begin PBXVariantGroup section */
		434BB2DB2B6FD47500D11D89 /* LaunchScreen.storyboard */ = {
			isa = PBXVariantGroup;
			children = (
				434BB2DC2B6FD47500D11D89 /* Base */,
			);
			name = LaunchScreen.storyboard;
			sourceTree = "<group>";
		};
/* End PBXVariantGroup section */

/* Begin XCBuildConfiguration section */
		434BB2DF2B6FD47500D11D89 /* Debug */ = {
			isa = XCBuildConfiguration;
			buildSettings = {
				ALWAYS_SEARCH_USER_PATHS = NO;
				ASSETCATALOG_COMPILER_GENERATE_SWIFT_ASSET_SYMBOL_EXTENSIONS = YES;
				CLANG_ANALYZER_NONNULL = YES;
				CLANG_ANALYZER_NUMBER_OBJECT_CONVERSION = YES_AGGRESSIVE;
				CLANG_CXX_LANGUAGE_STANDARD = "gnu++20";
				CLANG_ENABLE_MODULES = YES;
				CLANG_ENABLE_OBJC_ARC = YES;
				CLANG_ENABLE_OBJC_WEAK = YES;
				CLANG_WARN_BLOCK_CAPTURE_AUTORELEASING = YES;
				CLANG_WARN_BOOL_CONVERSION = YES;
				CLANG_WARN_COMMA = YES;
				CLANG_WARN_CONSTANT_CONVERSION = YES;
				CLANG_WARN_DEPRECATED_OBJC_IMPLEMENTATIONS = YES;
				CLANG_WARN_DIRECT_OBJC_ISA_USAGE = YES_ERROR;
				CLANG_WARN_DOCUMENTATION_COMMENTS = YES;
				CLANG_WARN_EMPTY_BODY = YES;
				CLANG_WARN_ENUM_CONVERSION = YES;
				CLANG_WARN_INFINITE_RECURSION = YES;
				CLANG_WARN_INT_CONVERSION = YES;
				CLANG_WARN_NON_LITERAL_NULL_CONVERSION = YES;
				CLANG_WARN_OBJC_IMPLICIT_RETAIN_SELF = YES;
				CLANG_WARN_OBJC_LITERAL_CONVERSION = YES;
				CLANG_WARN_OBJC_ROOT_CLASS = YES_ERROR;
				CLANG_WARN_QUOTED_INCLUDE_IN_FRAMEWORK_HEADER = YES;
				CLANG_WARN_RANGE_LOOP_ANALYSIS = YES;
				CLANG_WARN_STRICT_PROTOTYPES = YES;
				CLANG_WARN_SUSPICIOUS_MOVE = YES;
				CLANG_WARN_UNGUARDED_AVAILABILITY = YES_AGGRESSIVE;
				CLANG_WARN_UNREACHABLE_CODE = YES;
				CLANG_WARN__DUPLICATE_METHOD_MATCH = YES;
				COPY_PHASE_STRIP = NO;
				DEBUG_INFORMATION_FORMAT = dwarf;
				ENABLE_STRICT_OBJC_MSGSEND = YES;
				ENABLE_TESTABILITY = YES;
				ENABLE_USER_SCRIPT_SANDBOXING = YES;
				GCC_C_LANGUAGE_STANDARD = gnu17;
				GCC_DYNAMIC_NO_PIC = NO;
				GCC_NO_COMMON_BLOCKS = YES;
				GCC_OPTIMIZATION_LEVEL = 0;
				GCC_PREPROCESSOR_DEFINITIONS = (
					"DEBUG=1",
					"$(inherited)",
				);
				GCC_WARN_64_TO_32_BIT_CONVERSION = YES;
				GCC_WARN_ABOUT_RETURN_TYPE = YES_ERROR;
				GCC_WARN_UNDECLARED_SELECTOR = YES;
				GCC_WARN_UNINITIALIZED_AUTOS = YES_AGGRESSIVE;
				GCC_WARN_UNUSED_FUNCTION = YES;
				GCC_WARN_UNUSED_VARIABLE = YES;
				IPHONEOS_DEPLOYMENT_TARGET = 17.2;
				LOCALIZATION_PREFERS_STRING_CATALOGS = YES;
				MTL_ENABLE_DEBUG_INFO = INCLUDE_SOURCE;
				MTL_FAST_MATH = YES;
				ONLY_ACTIVE_ARCH = YES;
				SDKROOT = iphoneos;
				SWIFT_ACTIVE_COMPILATION_CONDITIONS = "DEBUG $(inherited)";
				SWIFT_OPTIMIZATION_LEVEL = "-Onone";
			};
			name = Debug;
		};
		434BB2E02B6FD47500D11D89 /* Release */ = {
			isa = XCBuildConfiguration;
			buildSettings = {
				ALWAYS_SEARCH_USER_PATHS = NO;
				ASSETCATALOG_COMPILER_GENERATE_SWIFT_ASSET_SYMBOL_EXTENSIONS = YES;
				CLANG_ANALYZER_NONNULL = YES;
				CLANG_ANALYZER_NUMBER_OBJECT_CONVERSION = YES_AGGRESSIVE;
				CLANG_CXX_LANGUAGE_STANDARD = "gnu++20";
				CLANG_ENABLE_MODULES = YES;
				CLANG_ENABLE_OBJC_ARC = YES;
				CLANG_ENABLE_OBJC_WEAK = YES;
				CLANG_WARN_BLOCK_CAPTURE_AUTORELEASING = YES;
				CLANG_WARN_BOOL_CONVERSION = YES;
				CLANG_WARN_COMMA = YES;
				CLANG_WARN_CONSTANT_CONVERSION = YES;
				CLANG_WARN_DEPRECATED_OBJC_IMPLEMENTATIONS = YES;
				CLANG_WARN_DIRECT_OBJC_ISA_USAGE = YES_ERROR;
				CLANG_WARN_DOCUMENTATION_COMMENTS = YES;
				CLANG_WARN_EMPTY_BODY = YES;
				CLANG_WARN_ENUM_CONVERSION = YES;
				CLANG_WARN_INFINITE_RECURSION = YES;
				CLANG_WARN_INT_CONVERSION = YES;
				CLANG_WARN_NON_LITERAL_NULL_CONVERSION = YES;
				CLANG_WARN_OBJC_IMPLICIT_RETAIN_SELF = YES;
				CLANG_WARN_OBJC_LITERAL_CONVERSION = YES;
				CLANG_WARN_OBJC_ROOT_CLASS = YES_ERROR;
				CLANG_WARN_QUOTED_INCLUDE_IN_FRAMEWORK_HEADER = YES;
				CLANG_WARN_RANGE_LOOP_ANALYSIS = YES;
				CLANG_WARN_STRICT_PROTOTYPES = YES;
				CLANG_WARN_SUSPICIOUS_MOVE = YES;
				CLANG_WARN_UNGUARDED_AVAILABILITY = YES_AGGRESSIVE;
				CLANG_WARN_UNREACHABLE_CODE = YES;
				CLANG_WARN__DUPLICATE_METHOD_MATCH = YES;
				COPY_PHASE_STRIP = NO;
				DEBUG_INFORMATION_FORMAT = "dwarf-with-dsym";
				ENABLE_NS_ASSERTIONS = NO;
				ENABLE_STRICT_OBJC_MSGSEND = YES;
				ENABLE_USER_SCRIPT_SANDBOXING = YES;
				GCC_C_LANGUAGE_STANDARD = gnu17;
				GCC_NO_COMMON_BLOCKS = YES;
				GCC_WARN_64_TO_32_BIT_CONVERSION = YES;
				GCC_WARN_ABOUT_RETURN_TYPE = YES_ERROR;
				GCC_WARN_UNDECLARED_SELECTOR = YES;
				GCC_WARN_UNINITIALIZED_AUTOS = YES_AGGRESSIVE;
				GCC_WARN_UNUSED_FUNCTION = YES;
				GCC_WARN_UNUSED_VARIABLE = YES;
				IPHONEOS_DEPLOYMENT_TARGET = 17.2;
				LOCALIZATION_PREFERS_STRING_CATALOGS = YES;
				MTL_ENABLE_DEBUG_INFO = NO;
				MTL_FAST_MATH = YES;
				SDKROOT = iphoneos;
				SWIFT_COMPILATION_MODE = wholemodule;
				VALIDATE_PRODUCT = YES;
			};
			name = Release;
		};
		434BB2E22B6FD47500D11D89 /* Debug */ = {
			isa = XCBuildConfiguration;
			buildSettings = {
				ASSETCATALOG_COMPILER_APPICON_NAME = AppIcon;
				ASSETCATALOG_COMPILER_GLOBAL_ACCENT_COLOR_NAME = AccentColor;
				CODE_SIGN_STYLE = Automatic;
				CURRENT_PROJECT_VERSION = 1;
				GENERATE_INFOPLIST_FILE = YES;
				INFOPLIST_FILE = GithubFollowers/Info.plist;
				INFOPLIST_KEY_UIApplicationSupportsIndirectInputEvents = YES;
				INFOPLIST_KEY_UILaunchStoryboardName = LaunchScreen;
				INFOPLIST_KEY_UISupportedInterfaceOrientations = UIInterfaceOrientationPortrait;
				INFOPLIST_KEY_UISupportedInterfaceOrientations_iPad = "UIInterfaceOrientationLandscapeLeft UIInterfaceOrientationLandscapeRight UIInterfaceOrientationPortrait UIInterfaceOrientationPortraitUpsideDown";
				LD_RUNPATH_SEARCH_PATHS = (
					"$(inherited)",
					"@executable_path/Frameworks",
				);
				MARKETING_VERSION = 1.0;
				PRODUCT_BUNDLE_IDENTIFIER = camimamedov.GithubFollowers;
				PRODUCT_NAME = "$(TARGET_NAME)";
				SWIFT_EMIT_LOC_STRINGS = YES;
				SWIFT_VERSION = 5.0;
				TARGETED_DEVICE_FAMILY = "1,2";
			};
			name = Debug;
		};
		434BB2E32B6FD47500D11D89 /* Release */ = {
			isa = XCBuildConfiguration;
			buildSettings = {
				ASSETCATALOG_COMPILER_APPICON_NAME = AppIcon;
				ASSETCATALOG_COMPILER_GLOBAL_ACCENT_COLOR_NAME = AccentColor;
				CODE_SIGN_STYLE = Automatic;
				CURRENT_PROJECT_VERSION = 1;
				GENERATE_INFOPLIST_FILE = YES;
				INFOPLIST_FILE = GithubFollowers/Info.plist;
				INFOPLIST_KEY_UIApplicationSupportsIndirectInputEvents = YES;
				INFOPLIST_KEY_UILaunchStoryboardName = LaunchScreen;
				INFOPLIST_KEY_UISupportedInterfaceOrientations = UIInterfaceOrientationPortrait;
				INFOPLIST_KEY_UISupportedInterfaceOrientations_iPad = "UIInterfaceOrientationLandscapeLeft UIInterfaceOrientationLandscapeRight UIInterfaceOrientationPortrait UIInterfaceOrientationPortraitUpsideDown";
				LD_RUNPATH_SEARCH_PATHS = (
					"$(inherited)",
					"@executable_path/Frameworks",
				);
				MARKETING_VERSION = 1.0;
				PRODUCT_BUNDLE_IDENTIFIER = camimamedov.GithubFollowers;
				PRODUCT_NAME = "$(TARGET_NAME)";
				SWIFT_EMIT_LOC_STRINGS = YES;
				SWIFT_VERSION = 5.0;
				TARGETED_DEVICE_FAMILY = "1,2";
			};
			name = Release;
		};
/* End XCBuildConfiguration section */

/* Begin XCConfigurationList section */
		434BB2C82B6FD47300D11D89 /* Build configuration list for PBXProject "GithubFollowers" */ = {
			isa = XCConfigurationList;
			buildConfigurations = (
				434BB2DF2B6FD47500D11D89 /* Debug */,
				434BB2E02B6FD47500D11D89 /* Release */,
			);
			defaultConfigurationIsVisible = 0;
			defaultConfigurationName = Release;
		};
		434BB2E12B6FD47500D11D89 /* Build configuration list for PBXNativeTarget "GithubFollowers" */ = {
			isa = XCConfigurationList;
			buildConfigurations = (
				434BB2E22B6FD47500D11D89 /* Debug */,
				434BB2E32B6FD47500D11D89 /* Release */,
			);
			defaultConfigurationIsVisible = 0;
			defaultConfigurationName = Release;
		};
/* End XCConfigurationList section */
	};
	rootObject = 434BB2C52B6FD47300D11D89 /* Project object */;
}
